
Microsoft Visual Studio Solution File, Format Version 12.00
# Visual Studio Version 17
VisualStudioVersion = 17.12.35514.174 d17.12
MinimumVisualStudioVersion = 10.0.40219.1
Project("{FAE04EC0-301F-11D3-BF4B-00C04F79EFBC}") = "BookShop", "BookShop\BookShop.csproj", "{4E07677F-2F0B-4132-840F-6C5C8C419B0E}"
EndProject
Project("{FAE04EC0-301F-11D3-BF4B-00C04F79EFBC}") = "BookShop.DAL", "BookShop.DAL\BookShop.DAL.csproj", "{7F21D55B-E68D-477A-9253-0B591001B7AF}"
EndProject
Project("{FAE04EC0-301F-11D3-BF4B-00C04F79EFBC}") = "BookShop.Shared", "BookShop.Shared\BookShop.Shared.csproj", "{B99DDB1B-9444-45BD-B7E4-D683A07AD43C}"
EndProject
Global
	GlobalSection(SolutionConfigurationPlatforms) = preSolution
		Debug|Any CPU = Debug|Any CPU
		Release|Any CPU = Release|Any CPU
	EndGlobalSection
	GlobalSection(ProjectConfigurationPlatforms) = postSolution
		{4E07677F-2F0B-4132-840F-6C5C8C419B0E}.Debug|Any CPU.ActiveCfg = Debug|Any CPU
		{4E07677F-2F0B-4132-840F-6C5C8C419B0E}.Debug|Any CPU.Build.0 = Debug|Any CPU
		{4E07677F-2F0B-4132-840F-6C5C8C419B0E}.Release|Any CPU.ActiveCfg = Release|Any CPU
		{4E07677F-2F0B-4132-840F-6C5C8C419B0E}.Release|Any CPU.Build.0 = Release|Any CPU
		{7F21D55B-E68D-477A-9253-0B591001B7AF}.Debug|Any CPU.ActiveCfg = Debug|Any CPU
		{7F21D55B-E68D-477A-9253-0B591001B7AF}.Debug|Any CPU.Build.0 = Debug|Any CPU
		{7F21D55B-E68D-477A-9253-0B591001B7AF}.Release|Any CPU.ActiveCfg = Release|Any CPU
		{7F21D55B-E68D-477A-9253-0B591001B7AF}.Release|Any CPU.Build.0 = Release|Any CPU
		{B99DDB1B-9444-45BD-B7E4-D683A07AD43C}.Debug|Any CPU.ActiveCfg = Debug|Any CPU
		{B99DDB1B-9444-45BD-B7E4-D683A07AD43C}.Debug|Any CPU.Build.0 = Debug|Any CPU
		{B99DDB1B-9444-45BD-B7E4-D683A07AD43C}.Release|Any CPU.ActiveCfg = Release|Any CPU
		{B99DDB1B-9444-45BD-B7E4-D683A07AD43C}.Release|Any CPU.Build.0 = Release|Any CPU
	EndGlobalSection
	GlobalSection(SolutionProperties) = preSolution
		HideSolutionNode = FALSE
	EndGlobalSection
EndGlobal
